
Microsoft Visual Studio Solution File, Format Version 12.00
# Visual Studio Version 16
VisualStudioVersion = 16.0.32228.343
MinimumVisualStudioVersion = 10.0.40219.1
Project("{FAE04EC0-301F-11D3-BF4B-00C04F79EFBC}") = "GestorTareas", "GestorTareas\GestorTareas.csproj", "{25BF8B60-A507-46CB-A273-7D3D88919628}"
EndProject
Global
	GlobalSection(SolutionConfigurationPlatforms) = preSolution
		Debug|Any CPU = Debug|Any CPU
		Release|Any CPU = Release|Any CPU
	EndGlobalSection
	GlobalSection(ProjectConfigurationPlatforms) = postSolution
		{25BF8B60-A507-46CB-A273-7D3D88919628}.Debug|Any CPU.ActiveCfg = Debug|Any CPU
		{25BF8B60-A507-46CB-A273-7D3D88919628}.Debug|Any CPU.Build.0 = Debug|Any CPU
		{25BF8B60-A507-46CB-A273-7D3D88919628}.Release|Any CPU.ActiveCfg = Release|Any CPU
		{25BF8B60-A507-46CB-A273-7D3D88919628}.Release|Any CPU.Build.0 = Release|Any CPU
	EndGlobalSection
	GlobalSection(SolutionProperties) = preSolution
		HideSolutionNode = FALSE
	EndGlobalSection
	GlobalSection(ExtensibilityGlobals) = postSolution
		SolutionGuid = {3885EFD4-EDA8-449B-A7B8-2F7FF474D80F}
	EndGlobalSection
EndGlobal
